// !$*UTF8*$!
{
	archiveVersion = 1;
	classes = {
	};
	objectVersion = 56;
	objects = {

/* Begin PBXBuildFile section */
		5AF598782B78EFBC00507BE0 /* AppDelegate.swift in Sources */ = {isa = PBXBuildFile; fileRef = 5AF598772B78EFBC00507BE0 /* AppDelegate.swift */; };
		5AF5987A2B78EFBC00507BE0 /* SceneDelegate.swift in Sources */ = {isa = PBXBuildFile; fileRef = 5AF598792B78EFBC00507BE0 /* SceneDelegate.swift */; };
		5AF5987C2B78EFBC00507BE0 /* ViewController.swift in Sources */ = {isa = PBXBuildFile; fileRef = 5AF5987B2B78EFBC00507BE0 /* ViewController.swift */; };
		5AF5987F2B78EFBC00507BE0 /* Main.storyboard in Resources */ = {isa = PBXBuildFile; fileRef = 5AF5987D2B78EFBC00507BE0 /* Main.storyboard */; };
		5AF598812B78EFBD00507BE0 /* Assets.xcassets in Resources */ = {isa = PBXBuildFile; fileRef = 5AF598802B78EFBD00507BE0 /* Assets.xcassets */; };
		5AF598842B78EFBD00507BE0 /* LaunchScreen.storyboard in Resources */ = {isa = PBXBuildFile; fileRef = 5AF598822B78EFBD00507BE0 /* LaunchScreen.storyboard */; };
		5AF5988F2B78EFBD00507BE0 /* WarningMessagesTests.swift in Sources */ = {isa = PBXBuildFile; fileRef = 5AF5988E2B78EFBD00507BE0 /* WarningMessagesTests.swift */; };
		5AF598992B78EFBD00507BE0 /* WarningMessagesUITests.swift in Sources */ = {isa = PBXBuildFile; fileRef = 5AF598982B78EFBD00507BE0 /* WarningMessagesUITests.swift */; };
		5AF5989B2B78EFBD00507BE0 /* WarningMessagesUITestsLaunchTests.swift in Sources */ = {isa = PBXBuildFile; fileRef = 5AF5989A2B78EFBD00507BE0 /* WarningMessagesUITestsLaunchTests.swift */; };
/* End PBXBuildFile section */

/* Begin PBXContainerItemProxy section */
		5AF5988B2B78EFBD00507BE0 /* PBXContainerItemProxy */ = {
			isa = PBXContainerItemProxy;
			containerPortal = 5AF5986C2B78EFBC00507BE0 /* Project object */;
			proxyType = 1;
			remoteGlobalIDString = 5AF598732B78EFBC00507BE0;
			remoteInfo = WarningMessages;
		};
		5AF598952B78EFBD00507BE0 /* PBXContainerItemProxy */ = {
			isa = PBXContainerItemProxy;
			containerPortal = 5AF5986C2B78EFBC00507BE0 /* Project object */;
			proxyType = 1;
			remoteGlobalIDString = 5AF598732B78EFBC00507BE0;
			remoteInfo = WarningMessages;
		};
/* End PBXContainerItemProxy section */

/* Begin PBXFileReference section */
		5AF598742B78EFBC00507BE0 /* WarningMessages.app */ = {isa = PBXFileReference; explicitFileType = wrapper.application; includeInIndex = 0; path = WarningMessages.app; sourceTree = BUILT_PRODUCTS_DIR; };
		5AF598772B78EFBC00507BE0 /* AppDelegate.swift */ = {isa = PBXFileReference; lastKnownFileType = sourcecode.swift; path = AppDelegate.swift; sourceTree = "<group>"; };
		5AF598792B78EFBC00507BE0 /* SceneDelegate.swift */ = {isa = PBXFileReference; lastKnownFileType = sourcecode.swift; path = SceneDelegate.swift; sourceTree = "<group>"; };
		5AF5987B2B78EFBC00507BE0 /* ViewController.swift */ = {isa = PBXFileReference; lastKnownFileType = sourcecode.swift; path = ViewController.swift; sourceTree = "<group>"; };
		5AF5987E2B78EFBC00507BE0 /* Base */ = {isa = PBXFileReference; lastKnownFileType = file.storyboard; name = Base; path = Base.lproj/Main.storyboard; sourceTree = "<group>"; };
		5AF598802B78EFBD00507BE0 /* Assets.xcassets */ = {isa = PBXFileReference; lastKnownFileType = folder.assetcatalog; path = Assets.xcassets; sourceTree = "<group>"; };
		5AF598832B78EFBD00507BE0 /* Base */ = {isa = PBXFileReference; lastKnownFileType = file.storyboard; name = Base; path = Base.lproj/LaunchScreen.storyboard; sourceTree = "<group>"; };
		5AF598852B78EFBD00507BE0 /* Info.plist */ = {isa = PBXFileReference; lastKnownFileType = text.plist.xml; path = Info.plist; sourceTree = "<group>"; };
		5AF5988A2B78EFBD00507BE0 /* WarningMessagesTests.xctest */ = {isa = PBXFileReference; explicitFileType = wrapper.cfbundle; includeInIndex = 0; path = WarningMessagesTests.xctest; sourceTree = BUILT_PRODUCTS_DIR; };
		5AF5988E2B78EFBD00507BE0 /* WarningMessagesTests.swift */ = {isa = PBXFileReference; lastKnownFileType = sourcecode.swift; path = WarningMessagesTests.swift; sourceTree = "<group>"; };
		5AF598942B78EFBD00507BE0 /* WarningMessagesUITests.xctest */ = {isa = PBXFileReference; explicitFileType = wrapper.cfbundle; includeInIndex = 0; path = WarningMessagesUITests.xctest; sourceTree = BUILT_PRODUCTS_DIR; };
		5AF598982B78EFBD00507BE0 /* WarningMessagesUITests.swift */ = {isa = PBXFileReference; lastKnownFileType = sourcecode.swift; path = WarningMessagesUITests.swift; sourceTree = "<group>"; };
		5AF5989A2B78EFBD00507BE0 /* WarningMessagesUITestsLaunchTests.swift */ = {isa = PBXFileReference; lastKnownFileType = sourcecode.swift; path = WarningMessagesUITestsLaunchTests.swift; sourceTree = "<group>"; };
/* End PBXFileReference section */

/* Begin PBXFrameworksBuildPhase section */
		5AF598712B78EFBC00507BE0 /* Frameworks */ = {
			isa = PBXFrameworksBuildPhase;
			buildActionMask = 2147483647;
			files = (
			);
			runOnlyForDeploymentPostprocessing = 0;
		};
		5AF598872B78EFBD00507BE0 /* Frameworks */ = {
			isa = PBXFrameworksBuildPhase;
			buildActionMask = 2147483647;
			files = (
			);
			runOnlyForDeploymentPostprocessing = 0;
		};
		5AF598912B78EFBD00507BE0 /* Frameworks */ = {
			isa = PBXFrameworksBuildPhase;
			buildActionMask = 2147483647;
			files = (
			);
			runOnlyForDeploymentPostprocessing = 0;
		};
/* End PBXFrameworksBuildPhase section */

/* Begin PBXGroup section */
		5AF5986B2B78EFBC00507BE0 = {
			isa = PBXGroup;
			children = (
				5AF598762B78EFBC00507BE0 /* WarningMessages */,
				5AF5988D2B78EFBD00507BE0 /* WarningMessagesTests */,
				5AF598972B78EFBD00507BE0 /* WarningMessagesUITests */,
				5AF598752B78EFBC00507BE0 /* Products */,
			);
			sourceTree = "<group>";
		};
		5AF598752B78EFBC00507BE0 /* Products */ = {
			isa = PBXGroup;
			children = (
				5AF598742B78EFBC00507BE0 /* WarningMessages.app */,
				5AF5988A2B78EFBD00507BE0 /* WarningMessagesTests.xctest */,
				5AF598942B78EFBD00507BE0 /* WarningMessagesUITests.xctest */,
			);
			name = Products;
			sourceTree = "<group>";
		};
		5AF598762B78EFBC00507BE0 /* WarningMessages */ = {
			isa = PBXGroup;
			children = (
				5AF598772B78EFBC00507BE0 /* AppDelegate.swift */,
				5AF598792B78EFBC00507BE0 /* SceneDelegate.swift */,
				5AF5987B2B78EFBC00507BE0 /* ViewController.swift */,
				5AF5987D2B78EFBC00507BE0 /* Main.storyboard */,
				5AF598802B78EFBD00507BE0 /* Assets.xcassets */,
				5AF598822B78EFBD00507BE0 /* LaunchScreen.storyboard */,
				5AF598852B78EFBD00507BE0 /* Info.plist */,
			);
			path = WarningMessages;
			sourceTree = "<group>";
		};
		5AF5988D2B78EFBD00507BE0 /* WarningMessagesTests */ = {
			isa = PBXGroup;
			children = (
				5AF5988E2B78EFBD00507BE0 /* WarningMessagesTests.swift */,
			);
			path = WarningMessagesTests;
			sourceTree = "<group>";
		};
		5AF598972B78EFBD00507BE0 /* WarningMessagesUITests */ = {
			isa = PBXGroup;
			children = (
				5AF598982B78EFBD00507BE0 /* WarningMessagesUITests.swift */,
				5AF5989A2B78EFBD00507BE0 /* WarningMessagesUITestsLaunchTests.swift */,
			);
			path = WarningMessagesUITests;
			sourceTree = "<group>";
		};
/* End PBXGroup section */

/* Begin PBXNativeTarget section */
		5AF598732B78EFBC00507BE0 /* WarningMessages */ = {
			isa = PBXNativeTarget;
			buildConfigurationList = 5AF5989E2B78EFBD00507BE0 /* Build configuration list for PBXNativeTarget "WarningMessages" */;
			buildPhases = (
				5AF598702B78EFBC00507BE0 /* Sources */,
				5AF598712B78EFBC00507BE0 /* Frameworks */,
				5AF598722B78EFBC00507BE0 /* Resources */,
			);
			buildRules = (
			);
			dependencies = (
			);
			name = WarningMessages;
			productName = WarningMessages;
			productReference = 5AF598742B78EFBC00507BE0 /* WarningMessages.app */;
			productType = "com.apple.product-type.application";
		};
		5AF598892B78EFBD00507BE0 /* WarningMessagesTests */ = {
			isa = PBXNativeTarget;
			buildConfigurationList = 5AF598A12B78EFBD00507BE0 /* Build configuration list for PBXNativeTarget "WarningMessagesTests" */;
			buildPhases = (
				5AF598862B78EFBD00507BE0 /* Sources */,
				5AF598872B78EFBD00507BE0 /* Frameworks */,
				5AF598882B78EFBD00507BE0 /* Resources */,
			);
			buildRules = (
			);
			dependencies = (
				5AF5988C2B78EFBD00507BE0 /* PBXTargetDependency */,
			);
			name = WarningMessagesTests;
			productName = WarningMessagesTests;
			productReference = 5AF5988A2B78EFBD00507BE0 /* WarningMessagesTests.xctest */;
			productType = "com.apple.product-type.bundle.unit-test";
		};
		5AF598932B78EFBD00507BE0 /* WarningMessagesUITests */ = {
			isa = PBXNativeTarget;
			buildConfigurationList = 5AF598A42B78EFBD00507BE0 /* Build configuration list for PBXNativeTarget "WarningMessagesUITests" */;
			buildPhases = (
				5AF598902B78EFBD00507BE0 /* Sources */,
				5AF598912B78EFBD00507BE0 /* Frameworks */,
				5AF598922B78EFBD00507BE0 /* Resources */,
			);
			buildRules = (
			);
			dependencies = (
				5AF598962B78EFBD00507BE0 /* PBXTargetDependency */,
			);
			name = WarningMessagesUITests;
			productName = WarningMessagesUITests;
			productReference = 5AF598942B78EFBD00507BE0 /* WarningMessagesUITests.xctest */;
			productType = "com.apple.product-type.bundle.ui-testing";
		};
/* End PBXNativeTarget section */

/* Begin PBXProject section */
		5AF5986C2B78EFBC00507BE0 /* Project object */ = {
			isa = PBXProject;
			attributes = {
				BuildIndependentTargetsInParallel = 1;
				LastSwiftUpdateCheck = 1520;
				LastUpgradeCheck = 1520;
				TargetAttributes = {
					5AF598732B78EFBC00507BE0 = {
						CreatedOnToolsVersion = 15.2;
					};
					5AF598892B78EFBD00507BE0 = {
						CreatedOnToolsVersion = 15.2;
						TestTargetID = 5AF598732B78EFBC00507BE0;
					};
					5AF598932B78EFBD00507BE0 = {
						CreatedOnToolsVersion = 15.2;
						TestTargetID = 5AF598732B78EFBC00507BE0;
					};
				};
			};
			buildConfigurationList = 5AF5986F2B78EFBC00507BE0 /* Build configuration list for PBXProject "WarningMessages" */;
			compatibilityVersion = "Xcode 14.0";
			developmentRegion = en;
			hasScannedForEncodings = 0;
			knownRegions = (
				en,
				Base,
			);
			mainGroup = 5AF5986B2B78EFBC00507BE0;
			productRefGroup = 5AF598752B78EFBC00507BE0 /* Products */;
			projectDirPath = "";
			projectRoot = "";
			targets = (
				5AF598732B78EFBC00507BE0 /* WarningMessages */,
				5AF598892B78EFBD00507BE0 /* WarningMessagesTests */,
				5AF598932B78EFBD00507BE0 /* WarningMessagesUITests */,
			);
		};
/* End PBXProject section */

/* Begin PBXResourcesBuildPhase section */
		5AF598722B78EFBC00507BE0 /* Resources */ = {
			isa = PBXResourcesBuildPhase;
			buildActionMask = 2147483647;
			files = (
				5AF598842B78EFBD00507BE0 /* LaunchScreen.storyboard in Resources */,
				5AF598812B78EFBD00507BE0 /* Assets.xcassets in Resources */,
				5AF5987F2B78EFBC00507BE0 /* Main.storyboard in Resources */,
			);
			runOnlyForDeploymentPostprocessing = 0;
		};
		5AF598882B78EFBD00507BE0 /* Resources */ = {
			isa = PBXResourcesBuildPhase;
			buildActionMask = 2147483647;
			files = (
			);
			runOnlyForDeploymentPostprocessing = 0;
		};
		5AF598922B78EFBD00507BE0 /* Resources */ = {
			isa = PBXResourcesBuildPhase;
			buildActionMask = 2147483647;
			files = (
			);
			runOnlyForDeploymentPostprocessing = 0;
		};
/* End PBXResourcesBuildPhase section */

/* Begin PBXSourcesBuildPhase section */
		5AF598702B78EFBC00507BE0 /* Sources */ = {
			isa = PBXSourcesBuildPhase;
			buildActionMask = 2147483647;
			files = (
				5AF5987C2B78EFBC00507BE0 /* ViewController.swift in Sources */,
				5AF598782B78EFBC00507BE0 /* AppDelegate.swift in Sources */,
				5AF5987A2B78EFBC00507BE0 /* SceneDelegate.swift in Sources */,
			);
			runOnlyForDeploymentPostprocessing = 0;
		};
		5AF598862B78EFBD00507BE0 /* Sources */ = {
			isa = PBXSourcesBuildPhase;
			buildActionMask = 2147483647;
			files = (
				5AF5988F2B78EFBD00507BE0 /* WarningMessagesTests.swift in Sources */,
			);
			runOnlyForDeploymentPostprocessing = 0;
		};
		5AF598902B78EFBD00507BE0 /* Sources */ = {
			isa = PBXSourcesBuildPhase;
			buildActionMask = 2147483647;
			files = (
				5AF598992B78EFBD00507BE0 /* WarningMessagesUITests.swift in Sources */,
				5AF5989B2B78EFBD00507BE0 /* WarningMessagesUITestsLaunchTests.swift in Sources */,
			);
			runOnlyForDeploymentPostprocessing = 0;
		};
/* End PBXSourcesBuildPhase section */

/* Begin PBXTargetDependency section */
		5AF5988C2B78EFBD00507BE0 /* PBXTargetDependency */ = {
			isa = PBXTargetDependency;
			target = 5AF598732B78EFBC00507BE0 /* WarningMessages */;
			targetProxy = 5AF5988B2B78EFBD00507BE0 /* PBXContainerItemProxy */;
		};
		5AF598962B78EFBD00507BE0 /* PBXTargetDependency */ = {
			isa = PBXTargetDependency;
			target = 5AF598732B78EFBC00507BE0 /* WarningMessages */;
			targetProxy = 5AF598952B78EFBD00507BE0 /* PBXContainerItemProxy */;
		};
/* End PBXTargetDependency section */

/* Begin PBXVariantGroup section */
		5AF5987D2B78EFBC00507BE0 /* Main.storyboard */ = {
			isa = PBXVariantGroup;
			children = (
				5AF5987E2B78EFBC00507BE0 /* Base */,
			);
			name = Main.storyboard;
			sourceTree = "<group>";
		};
		5AF598822B78EFBD00507BE0 /* LaunchScreen.storyboard */ = {
			isa = PBXVariantGroup;
			children = (
				5AF598832B78EFBD00507BE0 /* Base */,
			);
			name = LaunchScreen.storyboard;
			sourceTree = "<group>";
		};
/* End PBXVariantGroup section */

/* Begin XCBuildConfiguration section */
		5AF5989C2B78EFBD00507BE0 /* Debug */ = {
			isa = XCBuildConfiguration;
			buildSettings = {
				ALWAYS_SEARCH_USER_PATHS = NO;
				ASSETCATALOG_COMPILER_GENERATE_SWIFT_ASSET_SYMBOL_EXTENSIONS = YES;
				CLANG_ANALYZER_NONNULL = YES;
				CLANG_ANALYZER_NUMBER_OBJECT_CONVERSION = YES_AGGRESSIVE;
				CLANG_CXX_LANGUAGE_STANDARD = "gnu++20";
				CLANG_ENABLE_MODULES = YES;
				CLANG_ENABLE_OBJC_ARC = YES;
				CLANG_ENABLE_OBJC_WEAK = YES;
				CLANG_WARN_BLOCK_CAPTURE_AUTORELEASING = YES;
				CLANG_WARN_BOOL_CONVERSION = YES;
				CLANG_WARN_COMMA = YES;
				CLANG_WARN_CONSTANT_CONVERSION = YES;
				CLANG_WARN_DEPRECATED_OBJC_IMPLEMENTATIONS = YES;
				CLANG_WARN_DIRECT_OBJC_ISA_USAGE = YES_ERROR;
				CLANG_WARN_DOCUMENTATION_COMMENTS = YES;
				CLANG_WARN_EMPTY_BODY = YES;
				CLANG_WARN_ENUM_CONVERSION = YES;
				CLANG_WARN_INFINITE_RECURSION = YES;
				CLANG_WARN_INT_CONVERSION = YES;
				CLANG_WARN_NON_LITERAL_NULL_CONVERSION = YES;
				CLANG_WARN_OBJC_IMPLICIT_RETAIN_SELF = YES;
				CLANG_WARN_OBJC_LITERAL_CONVERSION = YES;
				CLANG_WARN_OBJC_ROOT_CLASS = YES_ERROR;
				CLANG_WARN_QUOTED_INCLUDE_IN_FRAMEWORK_HEADER = YES;
				CLANG_WARN_RANGE_LOOP_ANALYSIS = YES;
				CLANG_WARN_STRICT_PROTOTYPES = YES;
				CLANG_WARN_SUSPICIOUS_MOVE = YES;
				CLANG_WARN_UNGUARDED_AVAILABILITY = YES_AGGRESSIVE;
				CLANG_WARN_UNREACHABLE_CODE = YES;
				CLANG_WARN__DUPLICATE_METHOD_MATCH = YES;
				COPY_PHASE_STRIP = NO;
				DEBUG_INFORMATION_FORMAT = dwarf;
				ENABLE_STRICT_OBJC_MSGSEND = YES;
				ENABLE_TESTABILITY = YES;
				ENABLE_USER_SCRIPT_SANDBOXING = YES;
				GCC_C_LANGUAGE_STANDARD = gnu17;
				GCC_DYNAMIC_NO_PIC = NO;
				GCC_NO_COMMON_BLOCKS = YES;
				GCC_OPTIMIZATION_LEVEL = 0;
				GCC_PREPROCESSOR_DEFINITIONS = (
					"DEBUG=1",
					"$(inherited)",
				);
				GCC_WARN_64_TO_32_BIT_CONVERSION = YES;
				GCC_WARN_ABOUT_RETURN_TYPE = YES_ERROR;
				GCC_WARN_UNDECLARED_SELECTOR = YES;
				GCC_WARN_UNINITIALIZED_AUTOS = YES_AGGRESSIVE;
				GCC_WARN_UNUSED_FUNCTION = YES;
				GCC_WARN_UNUSED_VARIABLE = YES;
				IPHONEOS_DEPLOYMENT_TARGET = 17.2;
				LOCALIZATION_PREFERS_STRING_CATALOGS = YES;
				MTL_ENABLE_DEBUG_INFO = INCLUDE_SOURCE;
				MTL_FAST_MATH = YES;
				ONLY_ACTIVE_ARCH = YES;
				SDKROOT = iphoneos;
				SWIFT_ACTIVE_COMPILATION_CONDITIONS = "DEBUG $(inherited)";
				SWIFT_OPTIMIZATION_LEVEL = "-Onone";
			};
			name = Debug;
		};
		5AF5989D2B78EFBD00507BE0 /* Release */ = {
			isa = XCBuildConfiguration;
			buildSettings = {
				ALWAYS_SEARCH_USER_PATHS = NO;
				ASSETCATALOG_COMPILER_GENERATE_SWIFT_ASSET_SYMBOL_EXTENSIONS = YES;
				CLANG_ANALYZER_NONNULL = YES;
				CLANG_ANALYZER_NUMBER_OBJECT_CONVERSION = YES_AGGRESSIVE;
				CLANG_CXX_LANGUAGE_STANDARD = "gnu++20";
				CLANG_ENABLE_MODULES = YES;
				CLANG_ENABLE_OBJC_ARC = YES;
				CLANG_ENABLE_OBJC_WEAK = YES;
				CLANG_WARN_BLOCK_CAPTURE_AUTORELEASING = YES;
				CLANG_WARN_BOOL_CONVERSION = YES;
				CLANG_WARN_COMMA = YES;
				CLANG_WARN_CONSTANT_CONVERSION = YES;
				CLANG_WARN_DEPRECATED_OBJC_IMPLEMENTATIONS = YES;
				CLANG_WARN_DIRECT_OBJC_ISA_USAGE = YES_ERROR;
				CLANG_WARN_DOCUMENTATION_COMMENTS = YES;
				CLANG_WARN_EMPTY_BODY = YES;
				CLANG_WARN_ENUM_CONVERSION = YES;
				CLANG_WARN_INFINITE_RECURSION = YES;
				CLANG_WARN_INT_CONVERSION = YES;
				CLANG_WARN_NON_LITERAL_NULL_CONVERSION = YES;
				CLANG_WARN_OBJC_IMPLICIT_RETAIN_SELF = YES;
				CLANG_WARN_OBJC_LITERAL_CONVERSION = YES;
				CLANG_WARN_OBJC_ROOT_CLASS = YES_ERROR;
				CLANG_WARN_QUOTED_INCLUDE_IN_FRAMEWORK_HEADER = YES;
				CLANG_WARN_RANGE_LOOP_ANALYSIS = YES;
				CLANG_WARN_STRICT_PROTOTYPES = YES;
				CLANG_WARN_SUSPICIOUS_MOVE = YES;
				CLANG_WARN_UNGUARDED_AVAILABILITY = YES_AGGRESSIVE;
				CLANG_WARN_UNREACHABLE_CODE = YES;
				CLANG_WARN__DUPLICATE_METHOD_MATCH = YES;
				COPY_PHASE_STRIP = NO;
				DEBUG_INFORMATION_FORMAT = "dwarf-with-dsym";
				ENABLE_NS_ASSERTIONS = NO;
				ENABLE_STRICT_OBJC_MSGSEND = YES;
				ENABLE_USER_SCRIPT_SANDBOXING = YES;
				GCC_C_LANGUAGE_STANDARD = gnu17;
				GCC_NO_COMMON_BLOCKS = YES;
				GCC_WARN_64_TO_32_BIT_CONVERSION = YES;
				GCC_WARN_ABOUT_RETURN_TYPE = YES_ERROR;
				GCC_WARN_UNDECLARED_SELECTOR = YES;
				GCC_WARN_UNINITIALIZED_AUTOS = YES_AGGRESSIVE;
				GCC_WARN_UNUSED_FUNCTION = YES;
				GCC_WARN_UNUSED_VARIABLE = YES;
				IPHONEOS_DEPLOYMENT_TARGET = 17.2;
				LOCALIZATION_PREFERS_STRING_CATALOGS = YES;
				MTL_ENABLE_DEBUG_INFO = NO;
				MTL_FAST_MATH = YES;
				SDKROOT = iphoneos;
				SWIFT_COMPILATION_MODE = wholemodule;
				VALIDATE_PRODUCT = YES;
			};
			name = Release;
		};
		5AF5989F2B78EFBD00507BE0 /* Debug */ = {
			isa = XCBuildConfiguration;
			buildSettings = {
				ASSETCATALOG_COMPILER_APPICON_NAME = AppIcon;
				ASSETCATALOG_COMPILER_GLOBAL_ACCENT_COLOR_NAME = AccentColor;
				CODE_SIGN_STYLE = Automatic;
				CURRENT_PROJECT_VERSION = 1;
				DEVELOPMENT_TEAM = 9RG5343JLV;
				GENERATE_INFOPLIST_FILE = YES;
				INFOPLIST_FILE = WarningMessages/Info.plist;
				INFOPLIST_KEY_UIApplicationSupportsIndirectInputEvents = YES;
				INFOPLIST_KEY_UILaunchStoryboardName = LaunchScreen;
				INFOPLIST_KEY_UIMainStoryboardFile = Main;
				INFOPLIST_KEY_UISupportedInterfaceOrientations_iPad = "UIInterfaceOrientationPortrait UIInterfaceOrientationPortraitUpsideDown UIInterfaceOrientationLandscapeLeft UIInterfaceOrientationLandscapeRight";
				INFOPLIST_KEY_UISupportedInterfaceOrientations_iPhone = "UIInterfaceOrientationPortrait UIInterfaceOrientationLandscapeLeft UIInterfaceOrientationLandscapeRight";
				LD_RUNPATH_SEARCH_PATHS = (
					"$(inherited)",
					"@executable_path/Frameworks",
				);
				MARKETING_VERSION = 1.0;
				PRODUCT_BUNDLE_IDENTIFIER = oguzhan.WarningMessages;
				PRODUCT_NAME = "$(TARGET_NAME)";
				SWIFT_EMIT_LOC_STRINGS = YES;
				SWIFT_VERSION = 5.0;
				TARGETED_DEVICE_FAMILY = "1,2";
			};
			name = Debug;
		};
		5AF598A02B78EFBD00507BE0 /* Release */ = {
			isa = XCBuildConfiguration;
			buildSettings = {
				ASSETCATALOG_COMPILER_APPICON_NAME = AppIcon;
				ASSETCATALOG_COMPILER_GLOBAL_ACCENT_COLOR_NAME = AccentColor;
				CODE_SIGN_STYLE = Automatic;
				CURRENT_PROJECT_VERSION = 1;
				DEVELOPMENT_TEAM = 9RG5343JLV;
				GENERATE_INFOPLIST_FILE = YES;
				INFOPLIST_FILE = WarningMessages/Info.plist;
				INFOPLIST_KEY_UIApplicationSupportsIndirectInputEvents = YES;
				INFOPLIST_KEY_UILaunchStoryboardName = LaunchScreen;
				INFOPLIST_KEY_UIMainStoryboardFile = Main;
				INFOPLIST_KEY_UISupportedInterfaceOrientations_iPad = "UIInterfaceOrientationPortrait UIInterfaceOrientationPortraitUpsideDown UIInterfaceOrientationLandscapeLeft UIInterfaceOrientationLandscapeRight";
				INFOPLIST_KEY_UISupportedInterfaceOrientations_iPhone = "UIInterfaceOrientationPortrait UIInterfaceOrientationLandscapeLeft UIInterfaceOrientationLandscapeRight";
				LD_RUNPATH_SEARCH_PATHS = (
					"$(inherited)",
					"@executable_path/Frameworks",
				);
				MARKETING_VERSION = 1.0;
				PRODUCT_BUNDLE_IDENTIFIER = oguzhan.WarningMessages;
				PRODUCT_NAME = "$(TARGET_NAME)";
				SWIFT_EMIT_LOC_STRINGS = YES;
				SWIFT_VERSION = 5.0;
				TARGETED_DEVICE_FAMILY = "1,2";
			};
			name = Release;
		};
		5AF598A22B78EFBD00507BE0 /* Debug */ = {
			isa = XCBuildConfiguration;
			buildSettings = {
				ALWAYS_EMBED_SWIFT_STANDARD_LIBRARIES = YES;
				BUNDLE_LOADER = "$(TEST_HOST)";
				CODE_SIGN_STYLE = Automatic;
				CURRENT_PROJECT_VERSION = 1;
				DEVELOPMENT_TEAM = 9RG5343JLV;
				GENERATE_INFOPLIST_FILE = YES;
				IPHONEOS_DEPLOYMENT_TARGET = 17.2;
				MARKETING_VERSION = 1.0;
				PRODUCT_BUNDLE_IDENTIFIER = oguzhan.WarningMessagesTests;
				PRODUCT_NAME = "$(TARGET_NAME)";
				SWIFT_EMIT_LOC_STRINGS = NO;
				SWIFT_VERSION = 5.0;
				TARGETED_DEVICE_FAMILY = "1,2";
				TEST_HOST = "$(BUILT_PRODUCTS_DIR)/WarningMessages.app/$(BUNDLE_EXECUTABLE_FOLDER_PATH)/WarningMessages";
			};
			name = Debug;
		};
		5AF598A32B78EFBD00507BE0 /* Release */ = {
			isa = XCBuildConfiguration;
			buildSettings = {
				ALWAYS_EMBED_SWIFT_STANDARD_LIBRARIES = YES;
				BUNDLE_LOADER = "$(TEST_HOST)";
				CODE_SIGN_STYLE = Automatic;
				CURRENT_PROJECT_VERSION = 1;
				DEVELOPMENT_TEAM = 9RG5343JLV;
				GENERATE_INFOPLIST_FILE = YES;
				IPHONEOS_DEPLOYMENT_TARGET = 17.2;
				MARKETING_VERSION = 1.0;
				PRODUCT_BUNDLE_IDENTIFIER = oguzhan.WarningMessagesTests;
				PRODUCT_NAME = "$(TARGET_NAME)";
				SWIFT_EMIT_LOC_STRINGS = NO;
				SWIFT_VERSION = 5.0;
				TARGETED_DEVICE_FAMILY = "1,2";
				TEST_HOST = "$(BUILT_PRODUCTS_DIR)/WarningMessages.app/$(BUNDLE_EXECUTABLE_FOLDER_PATH)/WarningMessages";
			};
			name = Release;
		};
		5AF598A52B78EFBD00507BE0 /* Debug */ = {
			isa = XCBuildConfiguration;
			buildSettings = {
				ALWAYS_EMBED_SWIFT_STANDARD_LIBRARIES = YES;
				CODE_SIGN_STYLE = Automatic;
				CURRENT_PROJECT_VERSION = 1;
				DEVELOPMENT_TEAM = 9RG5343JLV;
				GENERATE_INFOPLIST_FILE = YES;
				MARKETING_VERSION = 1.0;
				PRODUCT_BUNDLE_IDENTIFIER = oguzhan.WarningMessagesUITests;
				PRODUCT_NAME = "$(TARGET_NAME)";
				SWIFT_EMIT_LOC_STRINGS = NO;
				SWIFT_VERSION = 5.0;
				TARGETED_DEVICE_FAMILY = "1,2";
				TEST_TARGET_NAME = WarningMessages;
			};
			name = Debug;
		};
		5AF598A62B78EFBD00507BE0 /* Release */ = {
			isa = XCBuildConfiguration;
			buildSettings = {
				ALWAYS_EMBED_SWIFT_STANDARD_LIBRARIES = YES;
				CODE_SIGN_STYLE = Automatic;
				CURRENT_PROJECT_VERSION = 1;
				DEVELOPMENT_TEAM = 9RG5343JLV;
				GENERATE_INFOPLIST_FILE = YES;
				MARKETING_VERSION = 1.0;
				PRODUCT_BUNDLE_IDENTIFIER = oguzhan.WarningMessagesUITests;
				PRODUCT_NAME = "$(TARGET_NAME)";
				SWIFT_EMIT_LOC_STRINGS = NO;
				SWIFT_VERSION = 5.0;
				TARGETED_DEVICE_FAMILY = "1,2";
				TEST_TARGET_NAME = WarningMessages;
			};
			name = Release;
		};
/* End XCBuildConfiguration section */

/* Begin XCConfigurationList section */
		5AF5986F2B78EFBC00507BE0 /* Build configuration list for PBXProject "WarningMessages" */ = {
			isa = XCConfigurationList;
			buildConfigurations = (
				5AF5989C2B78EFBD00507BE0 /* Debug */,
				5AF5989D2B78EFBD00507BE0 /* Release */,
			);
			defaultConfigurationIsVisible = 0;
			defaultConfigurationName = Release;
		};
		5AF5989E2B78EFBD00507BE0 /* Build configuration list for PBXNativeTarget "WarningMessages" */ = {
			isa = XCConfigurationList;
			buildConfigurations = (
				5AF5989F2B78EFBD00507BE0 /* Debug */,
				5AF598A02B78EFBD00507BE0 /* Release */,
			);
			defaultConfigurationIsVisible = 0;
			defaultConfigurationName = Release;
		};
		5AF598A12B78EFBD00507BE0 /* Build configuration list for PBXNativeTarget "WarningMessagesTests" */ = {
			isa = XCConfigurationList;
			buildConfigurations = (
				5AF598A22B78EFBD00507BE0 /* Debug */,
				5AF598A32B78EFBD00507BE0 /* Release */,
			);
			defaultConfigurationIsVisible = 0;
			defaultConfigurationName = Release;
		};
		5AF598A42B78EFBD00507BE0 /* Build configuration list for PBXNativeTarget "WarningMessagesUITests" */ = {
			isa = XCConfigurationList;
			buildConfigurations = (
				5AF598A52B78EFBD00507BE0 /* Debug */,
				5AF598A62B78EFBD00507BE0 /* Release */,
			);
			defaultConfigurationIsVisible = 0;
			defaultConfigurationName = Release;
		};
/* End XCConfigurationList section */
	};
	rootObject = 5AF5986C2B78EFBC00507BE0 /* Project object */;
}
